
Microsoft Visual Studio Solution File, Format Version 12.00
# Visual Studio Version 17
VisualStudioVersion = 17.3.32819.101
MinimumVisualStudioVersion = 10.0.40219.1
Project("{FAE04EC0-301F-11D3-BF4B-00C04F79EFBC}") = "C sharp OOP knowledge Bank", "C sharp OOP knowledge Bank\C sharp OOP knowledge Bank.csproj", "{99F6E65B-5490-4366-BDD3-C2549ED90048}"
EndProject
Global
	GlobalSection(SolutionConfigurationPlatforms) = preSolution
		Debug|Any CPU = Debug|Any CPU
		Release|Any CPU = Release|Any CPU
	EndGlobalSection
	GlobalSection(ProjectConfigurationPlatforms) = postSolution
		{99F6E65B-5490-4366-BDD3-C2549ED90048}.Debug|Any CPU.ActiveCfg = Debug|Any CPU
		{99F6E65B-5490-4366-BDD3-C2549ED90048}.Debug|Any CPU.Build.0 = Debug|Any CPU
		{99F6E65B-5490-4366-BDD3-C2549ED90048}.Release|Any CPU.ActiveCfg = Release|Any CPU
		{99F6E65B-5490-4366-BDD3-C2549ED90048}.Release|Any CPU.Build.0 = Release|Any CPU
	EndGlobalSection
	GlobalSection(SolutionProperties) = preSolution
		HideSolutionNode = FALSE
	EndGlobalSection
	GlobalSection(ExtensibilityGlobals) = postSolution
		SolutionGuid = {35E92B17-60D6-4EB7-88DF-32FFA3342D85}
	EndGlobalSection
EndGlobal
